
Microsoft Visual Studio Solution File, Format Version 12.00
# Visual Studio Version 17
VisualStudioVersion = 17.7.34031.279
MinimumVisualStudioVersion = 10.0.40219.1
Project("{FAE04EC0-301F-11D3-BF4B-00C04F79EFBC}") = "Students", "Students.csproj", "{17CE5A59-B132-4FE9-A2CF-DC437CA32D71}"
EndProject
Global
	GlobalSection(SolutionConfigurationPlatforms) = preSolution
		Debug|Any CPU = Debug|Any CPU
		Release|Any CPU = Release|Any CPU
	EndGlobalSection
	GlobalSection(ProjectConfigurationPlatforms) = postSolution
		{17CE5A59-B132-4FE9-A2CF-DC437CA32D71}.Debug|Any CPU.ActiveCfg = Debug|Any CPU
		{17CE5A59-B132-4FE9-A2CF-DC437CA32D71}.Debug|Any CPU.Build.0 = Debug|Any CPU
		{17CE5A59-B132-4FE9-A2CF-DC437CA32D71}.Release|Any CPU.ActiveCfg = Release|Any CPU
		{17CE5A59-B132-4FE9-A2CF-DC437CA32D71}.Release|Any CPU.Build.0 = Release|Any CPU
	EndGlobalSection
	GlobalSection(SolutionProperties) = preSolution
		HideSolutionNode = FALSE
	EndGlobalSection
	GlobalSection(ExtensibilityGlobals) = postSolution
		SolutionGuid = {3F98CA9B-B462-426D-A219-9DA2D8CDE0D2}
	EndGlobalSection
EndGlobal
